
Microsoft Visual Studio Solution File, Format Version 12.00
# Visual Studio Version 17
VisualStudioVersion = 17.5.002.0
MinimumVisualStudioVersion = 10.0.40219.1
Project("{9A19103F-16F7-4668-BE54-9A1E7A4F7556}") = "HelloWorld", "HelloWorld\HelloWorld.csproj", "{77F9B7B9-5871-4618-9323-FA17F8FD4978}"
EndProject
Project("{2150E333-8FDC-42A3-9474-1A3956D46DE8}") = "Kapitel-1", "Kapitel-1", "{E8692324-F288-42BC-B692-E4FA78F136C0}"
EndProject
Project("{9A19103F-16F7-4668-BE54-9A1E7A4F7556}") = "Lucktext", "Kapitel-1\Lucktext\Lucktext.csproj", "{8D295AAD-F74A-403D-93CC-AE009F353176}"
EndProject
Project("{9A19103F-16F7-4668-BE54-9A1E7A4F7556}") = "Registrering", "Kapitel-1\Registrering\Registrering.csproj", "{A3E03B3A-C66E-4220-B9C2-AB91734DF854}"
EndProject
Project("{2150E333-8FDC-42A3-9474-1A3956D46DE8}") = "Kapitel-3", "Kapitel-3", "{9E8AFCEC-E4B0-4341-9F67-01036127A1D1}"
EndProject
Project("{9A19103F-16F7-4668-BE54-9A1E7A4F7556}") = "EngChart", "Kapitel-3\EngChart\EngChart.csproj", "{0C43FF8E-6B66-47AD-84F1-42465C0D144C}"
EndProject
Project("{9A19103F-16F7-4668-BE54-9A1E7A4F7556}") = "InteractivStory", "Kapitel-3\InteractivStory\InteractivStory.csproj", "{8FB87326-4871-46D6-83FA-0D8FFA4B5E7C}"
EndProject
Global
	GlobalSection(SolutionConfigurationPlatforms) = preSolution
		Debug|Any CPU = Debug|Any CPU
		Release|Any CPU = Release|Any CPU
	EndGlobalSection
	GlobalSection(ProjectConfigurationPlatforms) = postSolution
		{77F9B7B9-5871-4618-9323-FA17F8FD4978}.Debug|Any CPU.ActiveCfg = Debug|Any CPU
		{77F9B7B9-5871-4618-9323-FA17F8FD4978}.Debug|Any CPU.Build.0 = Debug|Any CPU
		{77F9B7B9-5871-4618-9323-FA17F8FD4978}.Release|Any CPU.ActiveCfg = Release|Any CPU
		{77F9B7B9-5871-4618-9323-FA17F8FD4978}.Release|Any CPU.Build.0 = Release|Any CPU
		{8D295AAD-F74A-403D-93CC-AE009F353176}.Debug|Any CPU.ActiveCfg = Debug|Any CPU
		{8D295AAD-F74A-403D-93CC-AE009F353176}.Debug|Any CPU.Build.0 = Debug|Any CPU
		{8D295AAD-F74A-403D-93CC-AE009F353176}.Release|Any CPU.ActiveCfg = Release|Any CPU
		{8D295AAD-F74A-403D-93CC-AE009F353176}.Release|Any CPU.Build.0 = Release|Any CPU
		{A3E03B3A-C66E-4220-B9C2-AB91734DF854}.Debug|Any CPU.ActiveCfg = Debug|Any CPU
		{A3E03B3A-C66E-4220-B9C2-AB91734DF854}.Debug|Any CPU.Build.0 = Debug|Any CPU
		{A3E03B3A-C66E-4220-B9C2-AB91734DF854}.Release|Any CPU.ActiveCfg = Release|Any CPU
		{A3E03B3A-C66E-4220-B9C2-AB91734DF854}.Release|Any CPU.Build.0 = Release|Any CPU
		{0C43FF8E-6B66-47AD-84F1-42465C0D144C}.Debug|Any CPU.ActiveCfg = Debug|Any CPU
		{0C43FF8E-6B66-47AD-84F1-42465C0D144C}.Debug|Any CPU.Build.0 = Debug|Any CPU
		{0C43FF8E-6B66-47AD-84F1-42465C0D144C}.Release|Any CPU.ActiveCfg = Release|Any CPU
		{0C43FF8E-6B66-47AD-84F1-42465C0D144C}.Release|Any CPU.Build.0 = Release|Any CPU
		{8FB87326-4871-46D6-83FA-0D8FFA4B5E7C}.Debug|Any CPU.ActiveCfg = Debug|Any CPU
		{8FB87326-4871-46D6-83FA-0D8FFA4B5E7C}.Debug|Any CPU.Build.0 = Debug|Any CPU
		{8FB87326-4871-46D6-83FA-0D8FFA4B5E7C}.Release|Any CPU.ActiveCfg = Release|Any CPU
		{8FB87326-4871-46D6-83FA-0D8FFA4B5E7C}.Release|Any CPU.Build.0 = Release|Any CPU
	EndGlobalSection
	GlobalSection(SolutionProperties) = preSolution
		HideSolutionNode = FALSE
	EndGlobalSection
	GlobalSection(NestedProjects) = preSolution
		{8D295AAD-F74A-403D-93CC-AE009F353176} = {E8692324-F288-42BC-B692-E4FA78F136C0}
		{A3E03B3A-C66E-4220-B9C2-AB91734DF854} = {E8692324-F288-42BC-B692-E4FA78F136C0}
		{0C43FF8E-6B66-47AD-84F1-42465C0D144C} = {9E8AFCEC-E4B0-4341-9F67-01036127A1D1}
		{8FB87326-4871-46D6-83FA-0D8FFA4B5E7C} = {9E8AFCEC-E4B0-4341-9F67-01036127A1D1}
	EndGlobalSection
	GlobalSection(ExtensibilityGlobals) = postSolution
		SolutionGuid = {30B94A5A-3C1E-4EA9-AB8B-70609A4E2F5A}
	EndGlobalSection
EndGlobal
