
Microsoft Visual Studio Solution File, Format Version 12.00
# Visual Studio Version 17
VisualStudioVersion = 17.5.002.0
MinimumVisualStudioVersion = 10.0.40219.1
Project("{9A19103F-16F7-4668-BE54-9A1E7A4F7556}") = "GissaTalet2", "GissaTalet2.csproj", "{BB9D8483-BFAE-44CC-BFA5-14D64B88DCCB}"
EndProject
Global
	GlobalSection(SolutionConfigurationPlatforms) = preSolution
		Debug|Any CPU = Debug|Any CPU
		Release|Any CPU = Release|Any CPU
	EndGlobalSection
	GlobalSection(ProjectConfigurationPlatforms) = postSolution
		{BB9D8483-BFAE-44CC-BFA5-14D64B88DCCB}.Debug|Any CPU.ActiveCfg = Debug|Any CPU
		{BB9D8483-BFAE-44CC-BFA5-14D64B88DCCB}.Debug|Any CPU.Build.0 = Debug|Any CPU
		{BB9D8483-BFAE-44CC-BFA5-14D64B88DCCB}.Release|Any CPU.ActiveCfg = Release|Any CPU
		{BB9D8483-BFAE-44CC-BFA5-14D64B88DCCB}.Release|Any CPU.Build.0 = Release|Any CPU
	EndGlobalSection
	GlobalSection(SolutionProperties) = preSolution
		HideSolutionNode = FALSE
	EndGlobalSection
	GlobalSection(ExtensibilityGlobals) = postSolution
		SolutionGuid = {3355A801-03FC-40A2-BD89-5D5D1CC1DBB2}
	EndGlobalSection
EndGlobal
