
Microsoft Visual Studio Solution File, Format Version 12.00
# Visual Studio Version 17
VisualStudioVersion = 17.5.002.0
MinimumVisualStudioVersion = 10.0.40219.1
Project("{9A19103F-16F7-4668-BE54-9A1E7A4F7556}") = "MenyProgram", "MenyProgram.csproj", "{9202CABE-D644-4B9E-B08E-47A03591EF31}"
EndProject
Global
	GlobalSection(SolutionConfigurationPlatforms) = preSolution
		Debug|Any CPU = Debug|Any CPU
		Release|Any CPU = Release|Any CPU
	EndGlobalSection
	GlobalSection(ProjectConfigurationPlatforms) = postSolution
		{9202CABE-D644-4B9E-B08E-47A03591EF31}.Debug|Any CPU.ActiveCfg = Debug|Any CPU
		{9202CABE-D644-4B9E-B08E-47A03591EF31}.Debug|Any CPU.Build.0 = Debug|Any CPU
		{9202CABE-D644-4B9E-B08E-47A03591EF31}.Release|Any CPU.ActiveCfg = Release|Any CPU
		{9202CABE-D644-4B9E-B08E-47A03591EF31}.Release|Any CPU.Build.0 = Release|Any CPU
	EndGlobalSection
	GlobalSection(SolutionProperties) = preSolution
		HideSolutionNode = FALSE
	EndGlobalSection
	GlobalSection(ExtensibilityGlobals) = postSolution
		SolutionGuid = {4A0619AD-A9BD-4961-AAC6-64DD4F76988A}
	EndGlobalSection
EndGlobal
