
Microsoft Visual Studio Solution File, Format Version 12.00
# Visual Studio Version 17
VisualStudioVersion = 17.5.002.0
MinimumVisualStudioVersion = 10.0.40219.1
Project("{9A19103F-16F7-4668-BE54-9A1E7A4F7556}") = "AldersGranser", "AldersGranser.csproj", "{72D49081-44BB-4866-9F40-C06487816842}"
EndProject
Global
	GlobalSection(SolutionConfigurationPlatforms) = preSolution
		Debug|Any CPU = Debug|Any CPU
		Release|Any CPU = Release|Any CPU
	EndGlobalSection
	GlobalSection(ProjectConfigurationPlatforms) = postSolution
		{72D49081-44BB-4866-9F40-C06487816842}.Debug|Any CPU.ActiveCfg = Debug|Any CPU
		{72D49081-44BB-4866-9F40-C06487816842}.Debug|Any CPU.Build.0 = Debug|Any CPU
		{72D49081-44BB-4866-9F40-C06487816842}.Release|Any CPU.ActiveCfg = Release|Any CPU
		{72D49081-44BB-4866-9F40-C06487816842}.Release|Any CPU.Build.0 = Release|Any CPU
	EndGlobalSection
	GlobalSection(SolutionProperties) = preSolution
		HideSolutionNode = FALSE
	EndGlobalSection
	GlobalSection(ExtensibilityGlobals) = postSolution
		SolutionGuid = {349AC0F8-7756-40CC-8445-4CB1FD167921}
	EndGlobalSection
EndGlobal
