
Microsoft Visual Studio Solution File, Format Version 12.00
# Visual Studio Version 17
VisualStudioVersion = 17.5.002.0
MinimumVisualStudioVersion = 10.0.40219.1
Project("{9A19103F-16F7-4668-BE54-9A1E7A4F7556}") = "BMI", "BMI.csproj", "{46A247E8-2F2C-4FAA-AC3B-9B2EA263571A}"
EndProject
Global
	GlobalSection(SolutionConfigurationPlatforms) = preSolution
		Debug|Any CPU = Debug|Any CPU
		Release|Any CPU = Release|Any CPU
	EndGlobalSection
	GlobalSection(ProjectConfigurationPlatforms) = postSolution
		{46A247E8-2F2C-4FAA-AC3B-9B2EA263571A}.Debug|Any CPU.ActiveCfg = Debug|Any CPU
		{46A247E8-2F2C-4FAA-AC3B-9B2EA263571A}.Debug|Any CPU.Build.0 = Debug|Any CPU
		{46A247E8-2F2C-4FAA-AC3B-9B2EA263571A}.Release|Any CPU.ActiveCfg = Release|Any CPU
		{46A247E8-2F2C-4FAA-AC3B-9B2EA263571A}.Release|Any CPU.Build.0 = Release|Any CPU
	EndGlobalSection
	GlobalSection(SolutionProperties) = preSolution
		HideSolutionNode = FALSE
	EndGlobalSection
	GlobalSection(ExtensibilityGlobals) = postSolution
		SolutionGuid = {DC961D15-C685-443D-A71C-A8659C6E8E60}
	EndGlobalSection
EndGlobal
